
Microsoft Visual Studio Solution File, Format Version 12.00
# Visual Studio 15
VisualStudioVersion = 15.0.26430.14
MinimumVisualStudioVersion = 10.0.40219.1
Project("{FAE04EC0-301F-11D3-BF4B-00C04F79EFBC}") = "PersistentSubscription", "PersistentSubscription\PersistentSubscription.csproj", "{D2A09787-5AFB-4A3A-A605-3078606B07F0}"
EndProject
Project("{FAE04EC0-301F-11D3-BF4B-00C04F79EFBC}") = "WritingEvents", "WritingEvents\WritingEvents.csproj", "{0819953A-C72A-4078-AC04-0B9233BE12F0}"
EndProject
Global
	GlobalSection(SolutionConfigurationPlatforms) = preSolution
		Debug|Any CPU = Debug|Any CPU
		Release|Any CPU = Release|Any CPU
	EndGlobalSection
	GlobalSection(ProjectConfigurationPlatforms) = postSolution
		{D2A09787-5AFB-4A3A-A605-3078606B07F0}.Debug|Any CPU.ActiveCfg = Debug|Any CPU
		{D2A09787-5AFB-4A3A-A605-3078606B07F0}.Debug|Any CPU.Build.0 = Debug|Any CPU
		{D2A09787-5AFB-4A3A-A605-3078606B07F0}.Release|Any CPU.ActiveCfg = Release|Any CPU
		{D2A09787-5AFB-4A3A-A605-3078606B07F0}.Release|Any CPU.Build.0 = Release|Any CPU
		{0819953A-C72A-4078-AC04-0B9233BE12F0}.Debug|Any CPU.ActiveCfg = Debug|Any CPU
		{0819953A-C72A-4078-AC04-0B9233BE12F0}.Debug|Any CPU.Build.0 = Debug|Any CPU
		{0819953A-C72A-4078-AC04-0B9233BE12F0}.Release|Any CPU.ActiveCfg = Release|Any CPU
		{0819953A-C72A-4078-AC04-0B9233BE12F0}.Release|Any CPU.Build.0 = Release|Any CPU
	EndGlobalSection
	GlobalSection(SolutionProperties) = preSolution
		HideSolutionNode = FALSE
	EndGlobalSection
EndGlobal
